
Microsoft Visual Studio Solution File, Format Version 12.00
# Visual Studio Version 17
VisualStudioVersion = 17.8.34330.188
MinimumVisualStudioVersion = 10.0.40219.1
Project("{888888A0-9F3D-457C-B088-3A5042F75D52}") = "Discord-NUKE-V!", "Discord-NUKE-V!\Discord-NUKE-V!.pyproj", "{0647B5D3-7ADB-4250-BEE9-1F04A4232E27}"
EndProject
Global
	GlobalSection(SolutionConfigurationPlatforms) = preSolution
		Debug|Any CPU = Debug|Any CPU
		Release|Any CPU = Release|Any CPU
	EndGlobalSection
	GlobalSection(ProjectConfigurationPlatforms) = postSolution
		{0647B5D3-7ADB-4250-BEE9-1F04A4232E27}.Debug|Any CPU.ActiveCfg = Debug|Any CPU
		{0647B5D3-7ADB-4250-BEE9-1F04A4232E27}.Release|Any CPU.ActiveCfg = Release|Any CPU
	EndGlobalSection
	GlobalSection(SolutionProperties) = preSolution
		HideSolutionNode = FALSE
	EndGlobalSection
	GlobalSection(ExtensibilityGlobals) = postSolution
		SolutionGuid = {4F9FEBB9-8841-47F4-8FFF-A4010C0659C7}
	EndGlobalSection
EndGlobal
